github.com/seanmcadam/bufferpool v0.0.0-20240317025223-5679d90504c8 h1:fBz6WJoXUYCouQr1IlwCQ7/9Hq2KOZ1EI2w2gLeJsu0=
github.com/seanmcadam/bufferpool v0.0.0-20240317025223-5679d90504c8/go.mod h1:Ld+tFU0lAWCmLk1Pr4Fr6U5qHlNqjJXMcbU2cLSHLJQ=
github.com/seanmcadam/counter v1.0.5 h1:7ECWzm3niulGdJnRAovXirHYVtQZDTLgDRgRxqghwOQ=
github.com/seanmcadam/counter v1.0.5/go.mod h1:lmjP1ugtxknakoSOmBAuXMHtvqnYyOfPgtVgpNt6VKs=
github.com/seanmcadam/ctx v1.0.0 h1:JhNJpMXoPXIU1lh+t08yHQQGPdquRnY9Io46JMw4DL8=
github.com/seanmcadam/ctx v1.0.0/go.mod h1:N3ARM65sVBGFMZuo7XBs1Wuu5Wog/PrQIjm3pX36R2s=
github.com/seanmcadam/loggy v1.0.0 h1:rKvlCoerBWg0wR/JAXNqYv6d5RICYHHRHbJ2cFHws/M=
github.com/seanmcadam/loggy v1.0.0/go.mod h1:No3SEUbhuHiwJSNGG/UBR3fpC+qUPZyCWrue8MKBZJ0=
