github.com/seanmcadam/bufferpool v0.0.0-20240317025223-5679d90504c8 h1:fBz6WJoXUYCouQr1IlwCQ7/9Hq2KOZ1EI2w2gLeJsu0=
github.com/seanmcadam/bufferpool v0.0.0-20240317025223-5679d90504c8/go.mod h1:Ld+tFU0lAWCmLk1Pr4Fr6U5qHlNqjJXMcbU2cLSHLJQ=
github.com/seanmcadam/ctx v1.0.0 h1:JhNJpMXoPXIU1lh+t08yHQQGPdquRnY9Io46JMw4DL8=
github.com/seanmcadam/ctx v1.0.0/go.mod h1:N3ARM65sVBGFMZuo7XBs1Wuu5Wog/PrQIjm3pX36R2s=
github.com/seanmcadam/loggy v1.0.0 h1:rKvlCoerBWg0wR/JAXNqYv6d5RICYHHRHbJ2cFHws/M=
github.com/seanmcadam/loggy v1.0.0/go.mod h1:No3SEUbhuHiwJSNGG/UBR3fpC+qUPZyCWrue8MKBZJ0=
github.com/seanmcadam/octovpn/common v0.0.0-20240317184340-582a4aa03d61 h1:Ncb7zGSWMO595Lq6dqSPa+c7sGPNRJMoxjz/k4o9oP8=
github.com/seanmcadam/octovpn/common v0.0.0-20240317184340-582a4aa03d61/go.mod h1:EErikhf6zAsuopeceTcyzyOLIL5MVvDWNda0MIAYBko=
github.com/seanmcadam/octovpn/interfaces v0.0.0-20240317184340-582a4aa03d61 h1:L3Y5hU++bbhkOMuxWxPY+snZATfaYqi2847KQth7uIU=
github.com/seanmcadam/octovpn/interfaces v0.0.0-20240317184340-582a4aa03d61/go.mod h1:jgLBoRxxqYR89aPUySlZzphpB0hXgEmc98LPGLkC0Kw=
